
Microsoft Visual Studio Solution File, Format Version 12.00
# Visual Studio 15
VisualStudioVersion = 15.0.28010.2050
MinimumVisualStudioVersion = 10.0.40219.1
Project("{2150E333-8FDC-42A3-9474-1A3956D46DE8}") = "BussinessLogic", "BussinessLogic", "{4C9748FA-714E-4DEC-AFDD-2FA716E8B83A}"
EndProject
Project("{2150E333-8FDC-42A3-9474-1A3956D46DE8}") = "DataLayer", "DataLayer", "{1A9FD650-3EA9-4C58-8490-1F29CE2B3EC5}"
EndProject
Project("{2150E333-8FDC-42A3-9474-1A3956D46DE8}") = "Models", "Models", "{FC5DB1F0-BE5F-4FC9-B309-46749C515E29}"
EndProject
Project("{2150E333-8FDC-42A3-9474-1A3956D46DE8}") = "Presentation", "Presentation", "{127037A6-C49C-453E-9DCE-1A1D98336654}"
EndProject
Project("{FAE04EC0-301F-11D3-BF4B-00C04F79EFBC}") = "Deventure.DataLayer.EF", "Deventure.DataLayer\Deventure.DataLayer.EF.csproj", "{4228FC32-9A6F-48C5-9947-A118A93E144A}"
EndProject
Project("{2150E333-8FDC-42A3-9474-1A3956D46DE8}") = "ThirdParty", "ThirdParty", "{F3782586-B2A4-4711-A99C-FD3F4A21408F}"
EndProject
Project("{FAE04EC0-301F-11D3-BF4B-00C04F79EFBC}") = "Deventure.Utils", "Deventure.Utils\Deventure.Utils.csproj", "{A73B2162-D407-4014-874C-ECB3F87ADE57}"
EndProject
Project("{FAE04EC0-301F-11D3-BF4B-00C04F79EFBC}") = "LoggingService", "LoggingService\LoggingService.csproj", "{F7557265-6E66-42FC-AAD8-D9840327F10E}"
EndProject
Project("{FAE04EC0-301F-11D3-BF4B-00C04F79EFBC}") = "Deventure.BusinessLogic", "Deventure.BusinessLogic\Deventure.BusinessLogic.csproj", "{16B85C8D-AB4C-47A7-81B3-B16F0DA0DCA4}"
EndProject
Project("{FAE04EC0-301F-11D3-BF4B-00C04F79EFBC}") = "CMBooks.DataLayer", "CMBooks.DataLayer\CMBooks.DataLayer.csproj", "{68CC762F-FF00-4E82-A40A-6BB55AE64860}"
EndProject
Project("{FAE04EC0-301F-11D3-BF4B-00C04F79EFBC}") = "CMBooks.BussinessLogic", "CMBooks.BussinessLogic\CMBooks.BussinessLogic.csproj", "{755777F6-FA28-4A74-8FBC-1CA2E105C7D8}"
EndProject
Project("{FAE04EC0-301F-11D3-BF4B-00C04F79EFBC}") = "CMBooks.Models", "CMBooks.Models\CMBooks.Models.csproj", "{E266D752-604A-4542-A0B5-C91579EA1A2F}"
EndProject
Project("{FAE04EC0-301F-11D3-BF4B-00C04F79EFBC}") = "CMBooks.Web", "CMBooks.Web\CMBooks.Web.csproj", "{13B2731C-1203-4562-9266-AC82992D44C1}"
EndProject
Project("{FAE04EC0-301F-11D3-BF4B-00C04F79EFBC}") = "CMBooks.Common", "CMBooks.Common\CMBooks.Common.csproj", "{D8E2360A-A111-4032-AAC0-334DBC6E782F}"
EndProject
Project("{FAE04EC0-301F-11D3-BF4B-00C04F79EFBC}") = "UnitTests", "UnitTests\UnitTests.csproj", "{A38CE7D9-32DD-4E68-83FD-D53DAF132457}"
EndProject
Project("{2150E333-8FDC-42A3-9474-1A3956D46DE8}") = "Tests", "Tests", "{AFDA4FF3-9BF7-442E-901E-119316B455D9}"
EndProject
Global
	GlobalSection(SolutionConfigurationPlatforms) = preSolution
		Debug|Any CPU = Debug|Any CPU
		Debug-Goworky|Any CPU = Debug-Goworky|Any CPU
		Debug-Verve|Any CPU = Debug-Verve|Any CPU
		Goworky-release|Any CPU = Goworky-release|Any CPU
		Release|Any CPU = Release|Any CPU
		Verve-release|Any CPU = Verve-release|Any CPU
	EndGlobalSection
	GlobalSection(ProjectConfigurationPlatforms) = postSolution
		{4228FC32-9A6F-48C5-9947-A118A93E144A}.Debug|Any CPU.ActiveCfg = Debug|Any CPU
		{4228FC32-9A6F-48C5-9947-A118A93E144A}.Debug|Any CPU.Build.0 = Debug|Any CPU
		{4228FC32-9A6F-48C5-9947-A118A93E144A}.Debug-Goworky|Any CPU.ActiveCfg = Debug-Goworky|Any CPU
		{4228FC32-9A6F-48C5-9947-A118A93E144A}.Debug-Goworky|Any CPU.Build.0 = Debug-Goworky|Any CPU
		{4228FC32-9A6F-48C5-9947-A118A93E144A}.Debug-Verve|Any CPU.ActiveCfg = Debug-Verve|Any CPU
		{4228FC32-9A6F-48C5-9947-A118A93E144A}.Debug-Verve|Any CPU.Build.0 = Debug-Verve|Any CPU
		{4228FC32-9A6F-48C5-9947-A118A93E144A}.Goworky-release|Any CPU.ActiveCfg = Goworky-release|Any CPU
		{4228FC32-9A6F-48C5-9947-A118A93E144A}.Goworky-release|Any CPU.Build.0 = Goworky-release|Any CPU
		{4228FC32-9A6F-48C5-9947-A118A93E144A}.Release|Any CPU.ActiveCfg = Release|Any CPU
		{4228FC32-9A6F-48C5-9947-A118A93E144A}.Release|Any CPU.Build.0 = Release|Any CPU
		{4228FC32-9A6F-48C5-9947-A118A93E144A}.Verve-release|Any CPU.ActiveCfg = Verve-release|Any CPU
		{4228FC32-9A6F-48C5-9947-A118A93E144A}.Verve-release|Any CPU.Build.0 = Verve-release|Any CPU
		{A73B2162-D407-4014-874C-ECB3F87ADE57}.Debug|Any CPU.ActiveCfg = Debug|Any CPU
		{A73B2162-D407-4014-874C-ECB3F87ADE57}.Debug|Any CPU.Build.0 = Debug|Any CPU
		{A73B2162-D407-4014-874C-ECB3F87ADE57}.Debug-Goworky|Any CPU.ActiveCfg = Debug-Goworky|Any CPU
		{A73B2162-D407-4014-874C-ECB3F87ADE57}.Debug-Goworky|Any CPU.Build.0 = Debug-Goworky|Any CPU
		{A73B2162-D407-4014-874C-ECB3F87ADE57}.Debug-Verve|Any CPU.ActiveCfg = Debug-Verve|Any CPU
		{A73B2162-D407-4014-874C-ECB3F87ADE57}.Debug-Verve|Any CPU.Build.0 = Debug-Verve|Any CPU
		{A73B2162-D407-4014-874C-ECB3F87ADE57}.Goworky-release|Any CPU.ActiveCfg = Goworky-release|Any CPU
		{A73B2162-D407-4014-874C-ECB3F87ADE57}.Goworky-release|Any CPU.Build.0 = Goworky-release|Any CPU
		{A73B2162-D407-4014-874C-ECB3F87ADE57}.Release|Any CPU.ActiveCfg = Release|Any CPU
		{A73B2162-D407-4014-874C-ECB3F87ADE57}.Release|Any CPU.Build.0 = Release|Any CPU
		{A73B2162-D407-4014-874C-ECB3F87ADE57}.Verve-release|Any CPU.ActiveCfg = Verve-release|Any CPU
		{A73B2162-D407-4014-874C-ECB3F87ADE57}.Verve-release|Any CPU.Build.0 = Verve-release|Any CPU
		{F7557265-6E66-42FC-AAD8-D9840327F10E}.Debug|Any CPU.ActiveCfg = Debug|Any CPU
		{F7557265-6E66-42FC-AAD8-D9840327F10E}.Debug|Any CPU.Build.0 = Debug|Any CPU
		{F7557265-6E66-42FC-AAD8-D9840327F10E}.Debug-Goworky|Any CPU.ActiveCfg = Debug|Any CPU
		{F7557265-6E66-42FC-AAD8-D9840327F10E}.Debug-Goworky|Any CPU.Build.0 = Debug|Any CPU
		{F7557265-6E66-42FC-AAD8-D9840327F10E}.Debug-Verve|Any CPU.ActiveCfg = Debug|Any CPU
		{F7557265-6E66-42FC-AAD8-D9840327F10E}.Debug-Verve|Any CPU.Build.0 = Debug|Any CPU
		{F7557265-6E66-42FC-AAD8-D9840327F10E}.Goworky-release|Any CPU.ActiveCfg = Release|Any CPU
		{F7557265-6E66-42FC-AAD8-D9840327F10E}.Goworky-release|Any CPU.Build.0 = Release|Any CPU
		{F7557265-6E66-42FC-AAD8-D9840327F10E}.Release|Any CPU.ActiveCfg = Release|Any CPU
		{F7557265-6E66-42FC-AAD8-D9840327F10E}.Release|Any CPU.Build.0 = Release|Any CPU
		{F7557265-6E66-42FC-AAD8-D9840327F10E}.Verve-release|Any CPU.ActiveCfg = Release|Any CPU
		{F7557265-6E66-42FC-AAD8-D9840327F10E}.Verve-release|Any CPU.Build.0 = Release|Any CPU
		{16B85C8D-AB4C-47A7-81B3-B16F0DA0DCA4}.Debug|Any CPU.ActiveCfg = Debug|Any CPU
		{16B85C8D-AB4C-47A7-81B3-B16F0DA0DCA4}.Debug|Any CPU.Build.0 = Debug|Any CPU
		{16B85C8D-AB4C-47A7-81B3-B16F0DA0DCA4}.Debug-Goworky|Any CPU.ActiveCfg = Debug|Any CPU
		{16B85C8D-AB4C-47A7-81B3-B16F0DA0DCA4}.Debug-Goworky|Any CPU.Build.0 = Debug|Any CPU
		{16B85C8D-AB4C-47A7-81B3-B16F0DA0DCA4}.Debug-Verve|Any CPU.ActiveCfg = Debug|Any CPU
		{16B85C8D-AB4C-47A7-81B3-B16F0DA0DCA4}.Debug-Verve|Any CPU.Build.0 = Debug|Any CPU
		{16B85C8D-AB4C-47A7-81B3-B16F0DA0DCA4}.Goworky-release|Any CPU.ActiveCfg = Release|Any CPU
		{16B85C8D-AB4C-47A7-81B3-B16F0DA0DCA4}.Goworky-release|Any CPU.Build.0 = Release|Any CPU
		{16B85C8D-AB4C-47A7-81B3-B16F0DA0DCA4}.Release|Any CPU.ActiveCfg = Release|Any CPU
		{16B85C8D-AB4C-47A7-81B3-B16F0DA0DCA4}.Release|Any CPU.Build.0 = Release|Any CPU
		{16B85C8D-AB4C-47A7-81B3-B16F0DA0DCA4}.Verve-release|Any CPU.ActiveCfg = Release|Any CPU
		{16B85C8D-AB4C-47A7-81B3-B16F0DA0DCA4}.Verve-release|Any CPU.Build.0 = Release|Any CPU
		{68CC762F-FF00-4E82-A40A-6BB55AE64860}.Debug|Any CPU.ActiveCfg = Debug|Any CPU
		{68CC762F-FF00-4E82-A40A-6BB55AE64860}.Debug|Any CPU.Build.0 = Debug|Any CPU
		{68CC762F-FF00-4E82-A40A-6BB55AE64860}.Debug-Goworky|Any CPU.ActiveCfg = Debug|Any CPU
		{68CC762F-FF00-4E82-A40A-6BB55AE64860}.Debug-Goworky|Any CPU.Build.0 = Debug|Any CPU
		{68CC762F-FF00-4E82-A40A-6BB55AE64860}.Debug-Verve|Any CPU.ActiveCfg = Debug|Any CPU
		{68CC762F-FF00-4E82-A40A-6BB55AE64860}.Debug-Verve|Any CPU.Build.0 = Debug|Any CPU
		{68CC762F-FF00-4E82-A40A-6BB55AE64860}.Goworky-release|Any CPU.ActiveCfg = Release|Any CPU
		{68CC762F-FF00-4E82-A40A-6BB55AE64860}.Goworky-release|Any CPU.Build.0 = Release|Any CPU
		{68CC762F-FF00-4E82-A40A-6BB55AE64860}.Release|Any CPU.ActiveCfg = Release|Any CPU
		{68CC762F-FF00-4E82-A40A-6BB55AE64860}.Release|Any CPU.Build.0 = Release|Any CPU
		{68CC762F-FF00-4E82-A40A-6BB55AE64860}.Verve-release|Any CPU.ActiveCfg = Release|Any CPU
		{68CC762F-FF00-4E82-A40A-6BB55AE64860}.Verve-release|Any CPU.Build.0 = Release|Any CPU
		{755777F6-FA28-4A74-8FBC-1CA2E105C7D8}.Debug|Any CPU.ActiveCfg = Debug|Any CPU
		{755777F6-FA28-4A74-8FBC-1CA2E105C7D8}.Debug|Any CPU.Build.0 = Debug|Any CPU
		{755777F6-FA28-4A74-8FBC-1CA2E105C7D8}.Debug-Goworky|Any CPU.ActiveCfg = Debug|Any CPU
		{755777F6-FA28-4A74-8FBC-1CA2E105C7D8}.Debug-Goworky|Any CPU.Build.0 = Debug|Any CPU
		{755777F6-FA28-4A74-8FBC-1CA2E105C7D8}.Debug-Verve|Any CPU.ActiveCfg = Debug|Any CPU
		{755777F6-FA28-4A74-8FBC-1CA2E105C7D8}.Debug-Verve|Any CPU.Build.0 = Debug|Any CPU
		{755777F6-FA28-4A74-8FBC-1CA2E105C7D8}.Goworky-release|Any CPU.ActiveCfg = Release|Any CPU
		{755777F6-FA28-4A74-8FBC-1CA2E105C7D8}.Goworky-release|Any CPU.Build.0 = Release|Any CPU
		{755777F6-FA28-4A74-8FBC-1CA2E105C7D8}.Release|Any CPU.ActiveCfg = Release|Any CPU
		{755777F6-FA28-4A74-8FBC-1CA2E105C7D8}.Release|Any CPU.Build.0 = Release|Any CPU
		{755777F6-FA28-4A74-8FBC-1CA2E105C7D8}.Verve-release|Any CPU.ActiveCfg = Release|Any CPU
		{755777F6-FA28-4A74-8FBC-1CA2E105C7D8}.Verve-release|Any CPU.Build.0 = Release|Any CPU
		{E266D752-604A-4542-A0B5-C91579EA1A2F}.Debug|Any CPU.ActiveCfg = Debug|Any CPU
		{E266D752-604A-4542-A0B5-C91579EA1A2F}.Debug|Any CPU.Build.0 = Debug|Any CPU
		{E266D752-604A-4542-A0B5-C91579EA1A2F}.Debug-Goworky|Any CPU.ActiveCfg = Debug|Any CPU
		{E266D752-604A-4542-A0B5-C91579EA1A2F}.Debug-Goworky|Any CPU.Build.0 = Debug|Any CPU
		{E266D752-604A-4542-A0B5-C91579EA1A2F}.Debug-Verve|Any CPU.ActiveCfg = Debug|Any CPU
		{E266D752-604A-4542-A0B5-C91579EA1A2F}.Debug-Verve|Any CPU.Build.0 = Debug|Any CPU
		{E266D752-604A-4542-A0B5-C91579EA1A2F}.Goworky-release|Any CPU.ActiveCfg = Release|Any CPU
		{E266D752-604A-4542-A0B5-C91579EA1A2F}.Goworky-release|Any CPU.Build.0 = Release|Any CPU
		{E266D752-604A-4542-A0B5-C91579EA1A2F}.Release|Any CPU.ActiveCfg = Release|Any CPU
		{E266D752-604A-4542-A0B5-C91579EA1A2F}.Release|Any CPU.Build.0 = Release|Any CPU
		{E266D752-604A-4542-A0B5-C91579EA1A2F}.Verve-release|Any CPU.ActiveCfg = Release|Any CPU
		{E266D752-604A-4542-A0B5-C91579EA1A2F}.Verve-release|Any CPU.Build.0 = Release|Any CPU
		{13B2731C-1203-4562-9266-AC82992D44C1}.Debug|Any CPU.ActiveCfg = Debug|Any CPU
		{13B2731C-1203-4562-9266-AC82992D44C1}.Debug|Any CPU.Build.0 = Debug|Any CPU
		{13B2731C-1203-4562-9266-AC82992D44C1}.Debug-Goworky|Any CPU.ActiveCfg = Debug|Any CPU
		{13B2731C-1203-4562-9266-AC82992D44C1}.Debug-Goworky|Any CPU.Build.0 = Debug|Any CPU
		{13B2731C-1203-4562-9266-AC82992D44C1}.Debug-Verve|Any CPU.ActiveCfg = Debug|Any CPU
		{13B2731C-1203-4562-9266-AC82992D44C1}.Debug-Verve|Any CPU.Build.0 = Debug|Any CPU
		{13B2731C-1203-4562-9266-AC82992D44C1}.Goworky-release|Any CPU.ActiveCfg = Release|Any CPU
		{13B2731C-1203-4562-9266-AC82992D44C1}.Goworky-release|Any CPU.Build.0 = Release|Any CPU
		{13B2731C-1203-4562-9266-AC82992D44C1}.Release|Any CPU.ActiveCfg = Release|Any CPU
		{13B2731C-1203-4562-9266-AC82992D44C1}.Release|Any CPU.Build.0 = Release|Any CPU
		{13B2731C-1203-4562-9266-AC82992D44C1}.Verve-release|Any CPU.ActiveCfg = Release|Any CPU
		{13B2731C-1203-4562-9266-AC82992D44C1}.Verve-release|Any CPU.Build.0 = Release|Any CPU
		{D8E2360A-A111-4032-AAC0-334DBC6E782F}.Debug|Any CPU.ActiveCfg = Debug|Any CPU
		{D8E2360A-A111-4032-AAC0-334DBC6E782F}.Debug|Any CPU.Build.0 = Debug|Any CPU
		{D8E2360A-A111-4032-AAC0-334DBC6E782F}.Debug-Goworky|Any CPU.ActiveCfg = Debug|Any CPU
		{D8E2360A-A111-4032-AAC0-334DBC6E782F}.Debug-Goworky|Any CPU.Build.0 = Debug|Any CPU
		{D8E2360A-A111-4032-AAC0-334DBC6E782F}.Debug-Verve|Any CPU.ActiveCfg = Debug|Any CPU
		{D8E2360A-A111-4032-AAC0-334DBC6E782F}.Debug-Verve|Any CPU.Build.0 = Debug|Any CPU
		{D8E2360A-A111-4032-AAC0-334DBC6E782F}.Goworky-release|Any CPU.ActiveCfg = Release|Any CPU
		{D8E2360A-A111-4032-AAC0-334DBC6E782F}.Goworky-release|Any CPU.Build.0 = Release|Any CPU
		{D8E2360A-A111-4032-AAC0-334DBC6E782F}.Release|Any CPU.ActiveCfg = Release|Any CPU
		{D8E2360A-A111-4032-AAC0-334DBC6E782F}.Release|Any CPU.Build.0 = Release|Any CPU
		{D8E2360A-A111-4032-AAC0-334DBC6E782F}.Verve-release|Any CPU.ActiveCfg = Release|Any CPU
		{D8E2360A-A111-4032-AAC0-334DBC6E782F}.Verve-release|Any CPU.Build.0 = Release|Any CPU
		{A38CE7D9-32DD-4E68-83FD-D53DAF132457}.Debug|Any CPU.ActiveCfg = Debug|Any CPU
		{A38CE7D9-32DD-4E68-83FD-D53DAF132457}.Debug|Any CPU.Build.0 = Debug|Any CPU
		{A38CE7D9-32DD-4E68-83FD-D53DAF132457}.Debug-Goworky|Any CPU.ActiveCfg = Debug|Any CPU
		{A38CE7D9-32DD-4E68-83FD-D53DAF132457}.Debug-Goworky|Any CPU.Build.0 = Debug|Any CPU
		{A38CE7D9-32DD-4E68-83FD-D53DAF132457}.Debug-Verve|Any CPU.ActiveCfg = Debug|Any CPU
		{A38CE7D9-32DD-4E68-83FD-D53DAF132457}.Debug-Verve|Any CPU.Build.0 = Debug|Any CPU
		{A38CE7D9-32DD-4E68-83FD-D53DAF132457}.Goworky-release|Any CPU.ActiveCfg = Release|Any CPU
		{A38CE7D9-32DD-4E68-83FD-D53DAF132457}.Goworky-release|Any CPU.Build.0 = Release|Any CPU
		{A38CE7D9-32DD-4E68-83FD-D53DAF132457}.Release|Any CPU.ActiveCfg = Release|Any CPU
		{A38CE7D9-32DD-4E68-83FD-D53DAF132457}.Release|Any CPU.Build.0 = Release|Any CPU
		{A38CE7D9-32DD-4E68-83FD-D53DAF132457}.Verve-release|Any CPU.ActiveCfg = Release|Any CPU
		{A38CE7D9-32DD-4E68-83FD-D53DAF132457}.Verve-release|Any CPU.Build.0 = Release|Any CPU
	EndGlobalSection
	GlobalSection(SolutionProperties) = preSolution
		HideSolutionNode = FALSE
	EndGlobalSection
	GlobalSection(NestedProjects) = preSolution
		{4228FC32-9A6F-48C5-9947-A118A93E144A} = {1A9FD650-3EA9-4C58-8490-1F29CE2B3EC5}
		{A73B2162-D407-4014-874C-ECB3F87ADE57} = {F3782586-B2A4-4711-A99C-FD3F4A21408F}
		{F7557265-6E66-42FC-AAD8-D9840327F10E} = {F3782586-B2A4-4711-A99C-FD3F4A21408F}
		{16B85C8D-AB4C-47A7-81B3-B16F0DA0DCA4} = {4C9748FA-714E-4DEC-AFDD-2FA716E8B83A}
		{68CC762F-FF00-4E82-A40A-6BB55AE64860} = {1A9FD650-3EA9-4C58-8490-1F29CE2B3EC5}
		{755777F6-FA28-4A74-8FBC-1CA2E105C7D8} = {4C9748FA-714E-4DEC-AFDD-2FA716E8B83A}
		{E266D752-604A-4542-A0B5-C91579EA1A2F} = {FC5DB1F0-BE5F-4FC9-B309-46749C515E29}
		{13B2731C-1203-4562-9266-AC82992D44C1} = {127037A6-C49C-453E-9DCE-1A1D98336654}
		{D8E2360A-A111-4032-AAC0-334DBC6E782F} = {FC5DB1F0-BE5F-4FC9-B309-46749C515E29}
		{A38CE7D9-32DD-4E68-83FD-D53DAF132457} = {AFDA4FF3-9BF7-442E-901E-119316B455D9}
	EndGlobalSection
	GlobalSection(ExtensibilityGlobals) = postSolution
		SolutionGuid = {0D39396F-3836-4879-A13B-FED18AAC2D44}
	EndGlobalSection
EndGlobal
